
Microsoft Visual Studio Solution File, Format Version 12.00
# Visual Studio Version 17
VisualStudioVersion = 17.6.33723.286
MinimumVisualStudioVersion = 10.0.40219.1
Project("{FAE04EC0-301F-11D3-BF4B-00C04F79EFBC}") = "Fust", "Fust\Fust.csproj", "{3B0AE93D-8BD8-4C4D-A3CD-4AE641167497}"
EndProject
Global
	GlobalSection(SolutionConfigurationPlatforms) = preSolution
		Debug|Any CPU = Debug|Any CPU
		Release|Any CPU = Release|Any CPU
	EndGlobalSection
	GlobalSection(ProjectConfigurationPlatforms) = postSolution
		{3B0AE93D-8BD8-4C4D-A3CD-4AE641167497}.Debug|Any CPU.ActiveCfg = Debug|Any CPU
		{3B0AE93D-8BD8-4C4D-A3CD-4AE641167497}.Debug|Any CPU.Build.0 = Debug|Any CPU
		{3B0AE93D-8BD8-4C4D-A3CD-4AE641167497}.Release|Any CPU.ActiveCfg = Release|Any CPU
		{3B0AE93D-8BD8-4C4D-A3CD-4AE641167497}.Release|Any CPU.Build.0 = Release|Any CPU
	EndGlobalSection
	GlobalSection(SolutionProperties) = preSolution
		HideSolutionNode = FALSE
	EndGlobalSection
	GlobalSection(ExtensibilityGlobals) = postSolution
		SolutionGuid = {5B1551C0-380B-4FDE-961D-1334E63DC763}
	EndGlobalSection
EndGlobal
